
Microsoft Visual Studio Solution File, Format Version 12.00
# Visual Studio Version 17
VisualStudioVersion = 17.5.33502.453
MinimumVisualStudioVersion = 10.0.40219.1
Project("{FAE04EC0-301F-11D3-BF4B-00C04F79EFBC}") = "ZipSandbox", "ZipSandbox\ZipSandbox.csproj", "{90ED7580-C239-4178-888E-A60FEB8FF18A}"
EndProject
Project("{FAE04EC0-301F-11D3-BF4B-00C04F79EFBC}") = "ZipLibrary", "ZipLibrary\ZipLibrary.csproj", "{9DEDB6A4-8E11-4E40-98BE-E99247B632C0}"
EndProject
Project("{FAE04EC0-301F-11D3-BF4B-00C04F79EFBC}") = "ZipInterfaces", "ZipInterfaces\ZipInterfaces.csproj", "{8E04DAE0-D06C-49EA-8C75-6E931ADC57F3}"
EndProject
Global
	GlobalSection(SolutionConfigurationPlatforms) = preSolution
		Debug|Any CPU = Debug|Any CPU
		Release|Any CPU = Release|Any CPU
	EndGlobalSection
	GlobalSection(ProjectConfigurationPlatforms) = postSolution
		{90ED7580-C239-4178-888E-A60FEB8FF18A}.Debug|Any CPU.ActiveCfg = Debug|Any CPU
		{90ED7580-C239-4178-888E-A60FEB8FF18A}.Debug|Any CPU.Build.0 = Debug|Any CPU
		{90ED7580-C239-4178-888E-A60FEB8FF18A}.Release|Any CPU.ActiveCfg = Release|Any CPU
		{90ED7580-C239-4178-888E-A60FEB8FF18A}.Release|Any CPU.Build.0 = Release|Any CPU
		{9DEDB6A4-8E11-4E40-98BE-E99247B632C0}.Debug|Any CPU.ActiveCfg = Debug|Any CPU
		{9DEDB6A4-8E11-4E40-98BE-E99247B632C0}.Debug|Any CPU.Build.0 = Debug|Any CPU
		{9DEDB6A4-8E11-4E40-98BE-E99247B632C0}.Release|Any CPU.ActiveCfg = Release|Any CPU
		{9DEDB6A4-8E11-4E40-98BE-E99247B632C0}.Release|Any CPU.Build.0 = Release|Any CPU
		{8E04DAE0-D06C-49EA-8C75-6E931ADC57F3}.Debug|Any CPU.ActiveCfg = Debug|Any CPU
		{8E04DAE0-D06C-49EA-8C75-6E931ADC57F3}.Debug|Any CPU.Build.0 = Debug|Any CPU
		{8E04DAE0-D06C-49EA-8C75-6E931ADC57F3}.Release|Any CPU.ActiveCfg = Release|Any CPU
		{8E04DAE0-D06C-49EA-8C75-6E931ADC57F3}.Release|Any CPU.Build.0 = Release|Any CPU
	EndGlobalSection
	GlobalSection(SolutionProperties) = preSolution
		HideSolutionNode = FALSE
	EndGlobalSection
	GlobalSection(ExtensibilityGlobals) = postSolution
		SolutionGuid = {3FEA1629-CC30-41A3-A6B0-D4A02B572619}
	EndGlobalSection
EndGlobal
